
Microsoft Visual Studio Solution File, Format Version 12.00
# Visual Studio Version 17
VisualStudioVersion = 17.1.32319.34
MinimumVisualStudioVersion = 10.0.40219.1
Project("{9A19103F-16F7-4668-BE54-9A1E7A4F7556}") = "Task1", "Task1\Task1.csproj", "{4AAEBFD2-6FDC-4218-8702-1739A2A15432}"
EndProject
Project("{FAE04EC0-301F-11D3-BF4B-00C04F79EFBC}") = "TestProject1", "TestProject1\TestProject1.csproj", "{29D60044-51B8-4F14-9B36-5106120EC6C5}"
EndProject
Global
	GlobalSection(SolutionConfigurationPlatforms) = preSolution
		Debug|Any CPU = Debug|Any CPU
		Release|Any CPU = Release|Any CPU
	EndGlobalSection
	GlobalSection(ProjectConfigurationPlatforms) = postSolution
		{4AAEBFD2-6FDC-4218-8702-1739A2A15432}.Debug|Any CPU.ActiveCfg = Debug|Any CPU
		{4AAEBFD2-6FDC-4218-8702-1739A2A15432}.Debug|Any CPU.Build.0 = Debug|Any CPU
		{4AAEBFD2-6FDC-4218-8702-1739A2A15432}.Release|Any CPU.ActiveCfg = Release|Any CPU
		{4AAEBFD2-6FDC-4218-8702-1739A2A15432}.Release|Any CPU.Build.0 = Release|Any CPU
		{29D60044-51B8-4F14-9B36-5106120EC6C5}.Debug|Any CPU.ActiveCfg = Debug|Any CPU
		{29D60044-51B8-4F14-9B36-5106120EC6C5}.Debug|Any CPU.Build.0 = Debug|Any CPU
		{29D60044-51B8-4F14-9B36-5106120EC6C5}.Release|Any CPU.ActiveCfg = Release|Any CPU
		{29D60044-51B8-4F14-9B36-5106120EC6C5}.Release|Any CPU.Build.0 = Release|Any CPU
	EndGlobalSection
	GlobalSection(SolutionProperties) = preSolution
		HideSolutionNode = FALSE
	EndGlobalSection
	GlobalSection(ExtensibilityGlobals) = postSolution
		SolutionGuid = {F4F496CD-C2AC-4D89-BE9E-EC6D4815C545}
	EndGlobalSection
EndGlobal
